{
  "originHash" : "9191876d7bf3c1b47d0f881f2a22c59e742c22754daf0b2049d8acf734be37ed",
  "pins" : [
    {
      "identity" : "askcoordinator",
      "kind" : "remoteSourceControl",
      "location" : "https://github.com/skorulis/ASKCoordinator",
      "state" : {
        "branch" : "main",
        "revision" : "347f128d4c2a2483234fb9ba2964a29c41f7c7c4"
      }
    },
    {
      "identity" : "askcore",
      "kind" : "remoteSourceControl",
      "location" : "https://github.com/skorulis/ASKCore",
      "state" : {
        "branch" : "main",
        "revision" : "39794e9fa857c7cf9b7f304eeb202ff21fac3cb0"
      }
    },
    {
      "identity" : "grdb.swift",
      "kind" : "remoteSourceControl",
      "location" : "https://github.com/groue/GRDB.swift",
      "state" : {
        "branch" : "master",
        "revision" : "9ed8c8457e00ff9c7aedb3bf213f20a2cfdf509e"
      }
    },
    {
      "identity" : "knit",
      "kind" : "remoteSourceControl",
      "location" : "https://github.com/skorulis/knit/",
      "state" : {
        "branch" : "skorulis/ahead",
        "revision" : "1099b25e265f4e0df6033f6cd050659531bbb6d4"
      }
    },
    {
      "identity" : "swift-argument-parser",
      "kind" : "remoteSourceControl",
      "location" : "https://github.com/apple/swift-argument-parser",
      "state" : {
        "revision" : "6a52f3251125d74daf04fcbd5e6f08a75d074382",
        "version" : "1.8.2"
      }
    },
    {
      "identity" : "swift-syntax",
      "kind" : "remoteSourceControl",
      "location" : "https://github.com/apple/swift-syntax.git",
      "state" : {
        "revision" : "4799286537280063c85a32f09884cfbca301b1a1",
        "version" : "602.0.0"
      }
    },
    {
      "identity" : "swiftsoup",
      "kind" : "remoteSourceControl",
      "location" : "https://github.com/scinfu/SwiftSoup",
      "state" : {
        "revision" : "49dcadd93161f4a44b4994d3a3e8de9f085aface",
        "version" : "2.13.5"
      }
    }
  ],
  "version" : 3
}
