// !$*UTF8*$!
{
	archiveVersion = 1;
	classes = {
	};
	objectVersion = 77;
	objects = {

/* Begin PBXBuildFile section */
		FA312A412FDF74A200D1DD06 /* Knit in Frameworks */ = {isa = PBXBuildFile; productRef = FA312A402FDF74A200D1DD06 /* Knit */; };
		FA312A432FDF74A200D1DD06 /* KnitMacros in Frameworks */ = {isa = PBXBuildFile; productRef = FA312A422FDF74A200D1DD06 /* KnitMacros */; };
		FA312A4F2FDF76DF00D1DD06 /* ASKCore in Frameworks */ = {isa = PBXBuildFile; productRef = FA312A4E2FDF76DF00D1DD06 /* ASKCore */; };
		FA312A992FDF81B800D1DD06 /* GRDB in Frameworks */ = {isa = PBXBuildFile; productRef = FA312A982FDF81B800D1DD06 /* GRDB */; };
		FA312B5C2FDF957B00D1DD06 /* ASKCoordinator in Frameworks */ = {isa = PBXBuildFile; productRef = FA312B5B2FDF957B00D1DD06 /* ASKCoordinator */; };
		FA312C102FE1000100D1DD06 /* SwiftSoup in Frameworks */ = {isa = PBXBuildFile; productRef = FA312C0F2FE1000100D1DD06 /* SwiftSoup */; };
/* End PBXBuildFile section */

/* Begin PBXContainerItemProxy section */
		FA57DC162FDE31D30040032F /* PBXContainerItemProxy */ = {
			isa = PBXContainerItemProxy;
			containerPortal = FA57DBF82FDE31B40040032F /* Project object */;
			proxyType = 1;
			remoteGlobalIDString = FA57DBFF2FDE31B40040032F;
			remoteInfo = DealScraper;
		};
/* End PBXContainerItemProxy section */

/* Begin PBXFileReference section */
		FA57DC002FDE31B40040032F /* DealScraper.app */ = {isa = PBXFileReference; explicitFileType = wrapper.application; includeInIndex = 0; path = DealScraper.app; sourceTree = BUILT_PRODUCTS_DIR; };
		FA57DC122FDE31D30040032F /* DealScraperTests.xctest */ = {isa = PBXFileReference; explicitFileType = wrapper.cfbundle; includeInIndex = 0; path = DealScraperTests.xctest; sourceTree = BUILT_PRODUCTS_DIR; };
/* End PBXFileReference section */

/* Begin PBXFileSystemSynchronizedRootGroup section */
		FA57DC022FDE31B40040032F /* DealScraper */ = {
			isa = PBXFileSystemSynchronizedRootGroup;
			path = DealScraper;
			sourceTree = "<group>";
		};
		FA57DC132FDE31D30040032F /* DealScraperTests */ = {
			isa = PBXFileSystemSynchronizedRootGroup;
			path = DealScraperTests;
			sourceTree = "<group>";
		};
/* End PBXFileSystemSynchronizedRootGroup section */

/* Begin PBXFrameworksBuildPhase section */
		FA57DBFD2FDE31B40040032F /* Frameworks */ = {
			isa = PBXFrameworksBuildPhase;
			buildActionMask = 2147483647;
			files = (
				FA312B5C2FDF957B00D1DD06 /* ASKCoordinator in Frameworks */,
				FA312A4F2FDF76DF00D1DD06 /* ASKCore in Frameworks */,
				FA312A412FDF74A200D1DD06 /* Knit in Frameworks */,
				FA312A432FDF74A200D1DD06 /* KnitMacros in Frameworks */,
				FA312A992FDF81B800D1DD06 /* GRDB in Frameworks */,
				FA312C102FE1000100D1DD06 /* SwiftSoup in Frameworks */,
			);
			runOnlyForDeploymentPostprocessing = 0;
		};
		FA57DC0F2FDE31D30040032F /* Frameworks */ = {
			isa = PBXFrameworksBuildPhase;
			buildActionMask = 2147483647;
			files = (
			);
			runOnlyForDeploymentPostprocessing = 0;
		};
/* End PBXFrameworksBuildPhase section */

/* Begin PBXGroup section */
		FA57DBF72FDE31B40040032F = {
			isa = PBXGroup;
			children = (
				FA57DC022FDE31B40040032F /* DealScraper */,
				FA57DC132FDE31D30040032F /* DealScraperTests */,
				FA57DC012FDE31B40040032F /* Products */,
			);
			sourceTree = "<group>";
		};
		FA57DC012FDE31B40040032F /* Products */ = {
			isa = PBXGroup;
			children = (
				FA57DC002FDE31B40040032F /* DealScraper.app */,
				FA57DC122FDE31D30040032F /* DealScraperTests.xctest */,
			);
			name = Products;
			sourceTree = "<group>";
		};
/* End PBXGroup section */

/* Begin PBXNativeTarget section */
		FA57DBFF2FDE31B40040032F /* DealScraper */ = {
			isa = PBXNativeTarget;
			buildConfigurationList = FA57DC0B2FDE31B60040032F /* Build configuration list for PBXNativeTarget "DealScraper" */;
			buildPhases = (
				FA57DBFC2FDE31B40040032F /* Sources */,
				FA57DBFD2FDE31B40040032F /* Frameworks */,
				FA57DBFE2FDE31B40040032F /* Resources */,
			);
			buildRules = (
			);
			dependencies = (
				FA312A532FDF784400D1DD06 /* PBXTargetDependency */,
			);
			fileSystemSynchronizedGroups = (
				FA57DC022FDE31B40040032F /* DealScraper */,
			);
			name = DealScraper;
			packageProductDependencies = (
				FA312A402FDF74A200D1DD06 /* Knit */,
				FA312A422FDF74A200D1DD06 /* KnitMacros */,
				FA312A4E2FDF76DF00D1DD06 /* ASKCore */,
				FA312A982FDF81B800D1DD06 /* GRDB */,
				FA312B5B2FDF957B00D1DD06 /* ASKCoordinator */,
				FA312C0F2FE1000100D1DD06 /* SwiftSoup */,
			);
			productName = DealScraper;
			productReference = FA57DC002FDE31B40040032F /* DealScraper.app */;
			productType = "com.apple.product-type.application";
		};
		FA57DC112FDE31D30040032F /* DealScraperTests */ = {
			isa = PBXNativeTarget;
			buildConfigurationList = FA57DC182FDE31D30040032F /* Build configuration list for PBXNativeTarget "DealScraperTests" */;
			buildPhases = (
				FA57DC0E2FDE31D30040032F /* Sources */,
				FA57DC0F2FDE31D30040032F /* Frameworks */,
				FA57DC102FDE31D30040032F /* Resources */,
			);
			buildRules = (
			);
			dependencies = (
				FA57DC172FDE31D30040032F /* PBXTargetDependency */,
			);
			fileSystemSynchronizedGroups = (
				FA57DC132FDE31D30040032F /* DealScraperTests */,
			);
			name = DealScraperTests;
			packageProductDependencies = (
			);
			productName = DealScraperTests;
			productReference = FA57DC122FDE31D30040032F /* DealScraperTests.xctest */;
			productType = "com.apple.product-type.bundle.unit-test";
		};
/* End PBXNativeTarget section */

/* Begin PBXProject section */
		FA57DBF82FDE31B40040032F /* Project object */ = {
			isa = PBXProject;
			attributes = {
				BuildIndependentTargetsInParallel = 1;
				LastSwiftUpdateCheck = 2630;
				LastUpgradeCheck = 2630;
				TargetAttributes = {
					FA57DBFF2FDE31B40040032F = {
						CreatedOnToolsVersion = 26.3;
					};
					FA57DC112FDE31D30040032F = {
						CreatedOnToolsVersion = 26.3;
						TestTargetID = FA57DBFF2FDE31B40040032F;
					};
				};
			};
			buildConfigurationList = FA57DBFB2FDE31B40040032F /* Build configuration list for PBXProject "DealScraper" */;
			developmentRegion = en;
			hasScannedForEncodings = 0;
			knownRegions = (
				en,
				Base,
			);
			mainGroup = FA57DBF72FDE31B40040032F;
			minimizedProjectReferenceProxies = 1;
			packageReferences = (
				FA312A3F2FDF74A200D1DD06 /* XCRemoteSwiftPackageReference "knit" */,
				FA312A4D2FDF76DF00D1DD06 /* XCRemoteSwiftPackageReference "ASKCore" */,
				FA312A972FDF81B800D1DD06 /* XCRemoteSwiftPackageReference "GRDB" */,
				FA312B5A2FDF957B00D1DD06 /* XCRemoteSwiftPackageReference "ASKCoordinator" */,
				FA312C0E2FE1000100D1DD06 /* XCRemoteSwiftPackageReference "SwiftSoup" */,
			);
			preferredProjectObjectVersion = 77;
			productRefGroup = FA57DC012FDE31B40040032F /* Products */;
			projectDirPath = "";
			projectRoot = "";
			targets = (
				FA57DBFF2FDE31B40040032F /* DealScraper */,
				FA57DC112FDE31D30040032F /* DealScraperTests */,
			);
		};
/* End PBXProject section */

/* Begin PBXResourcesBuildPhase section */
		FA57DBFE2FDE31B40040032F /* Resources */ = {
			isa = PBXResourcesBuildPhase;
			buildActionMask = 2147483647;
			files = (
			);
			runOnlyForDeploymentPostprocessing = 0;
		};
		FA57DC102FDE31D30040032F /* Resources */ = {
			isa = PBXResourcesBuildPhase;
			buildActionMask = 2147483647;
			files = (
			);
			runOnlyForDeploymentPostprocessing = 0;
		};
/* End PBXResourcesBuildPhase section */

/* Begin PBXSourcesBuildPhase section */
		FA57DBFC2FDE31B40040032F /* Sources */ = {
			isa = PBXSourcesBuildPhase;
			buildActionMask = 2147483647;
			files = (
			);
			runOnlyForDeploymentPostprocessing = 0;
		};
		FA57DC0E2FDE31D30040032F /* Sources */ = {
			isa = PBXSourcesBuildPhase;
			buildActionMask = 2147483647;
			files = (
			);
			runOnlyForDeploymentPostprocessing = 0;
		};
/* End PBXSourcesBuildPhase section */

/* Begin PBXTargetDependency section */
		FA312A532FDF784400D1DD06 /* PBXTargetDependency */ = {
			isa = PBXTargetDependency;
			productRef = FA312A522FDF784400D1DD06 /* KnitBuildPlugin */;
		};
		FA57DC172FDE31D30040032F /* PBXTargetDependency */ = {
			isa = PBXTargetDependency;
			target = FA57DBFF2FDE31B40040032F /* DealScraper */;
			targetProxy = FA57DC162FDE31D30040032F /* PBXContainerItemProxy */;
		};
/* End PBXTargetDependency section */

/* Begin XCBuildConfiguration section */
		FA57DC092FDE31B60040032F /* Debug */ = {
			isa = XCBuildConfiguration;
			buildSettings = {
				ALWAYS_SEARCH_USER_PATHS = NO;
				ASSETCATALOG_COMPILER_GENERATE_SWIFT_ASSET_SYMBOL_EXTENSIONS = YES;
				CLANG_ANALYZER_NONNULL = YES;
				CLANG_ANALYZER_NUMBER_OBJECT_CONVERSION = YES_AGGRESSIVE;
				CLANG_CXX_LANGUAGE_STANDARD = "gnu++20";
				CLANG_ENABLE_MODULES = YES;
				CLANG_ENABLE_OBJC_ARC = YES;
				CLANG_ENABLE_OBJC_WEAK = YES;
				CLANG_WARN_BLOCK_CAPTURE_AUTORELEASING = YES;
				CLANG_WARN_BOOL_CONVERSION = YES;
				CLANG_WARN_COMMA = YES;
				CLANG_WARN_CONSTANT_CONVERSION = YES;
				CLANG_WARN_DEPRECATED_OBJC_IMPLEMENTATIONS = YES;
				CLANG_WARN_DIRECT_OBJC_ISA_USAGE = YES_ERROR;
				CLANG_WARN_DOCUMENTATION_COMMENTS = YES;
				CLANG_WARN_EMPTY_BODY = YES;
				CLANG_WARN_ENUM_CONVERSION = YES;
				CLANG_WARN_INFINITE_RECURSION = YES;
				CLANG_WARN_INT_CONVERSION = YES;
				CLANG_WARN_NON_LITERAL_NULL_CONVERSION = YES;
				CLANG_WARN_OBJC_IMPLICIT_RETAIN_SELF = YES;
				CLANG_WARN_OBJC_LITERAL_CONVERSION = YES;
				CLANG_WARN_OBJC_ROOT_CLASS = YES_ERROR;
				CLANG_WARN_QUOTED_INCLUDE_IN_FRAMEWORK_HEADER = YES;
				CLANG_WARN_RANGE_LOOP_ANALYSIS = YES;
				CLANG_WARN_STRICT_PROTOTYPES = YES;
				CLANG_WARN_SUSPICIOUS_MOVE = YES;
				CLANG_WARN_UNGUARDED_AVAILABILITY = YES_AGGRESSIVE;
				CLANG_WARN_UNREACHABLE_CODE = YES;
				CLANG_WARN__DUPLICATE_METHOD_MATCH = YES;
				COPY_PHASE_STRIP = NO;
				DEBUG_INFORMATION_FORMAT = dwarf;
				DEVELOPMENT_TEAM = X4S6MUZL2D;
				ENABLE_STRICT_OBJC_MSGSEND = YES;
				ENABLE_TESTABILITY = YES;
				ENABLE_USER_SCRIPT_SANDBOXING = YES;
				GCC_C_LANGUAGE_STANDARD = gnu17;
				GCC_DYNAMIC_NO_PIC = NO;
				GCC_NO_COMMON_BLOCKS = YES;
				GCC_OPTIMIZATION_LEVEL = 0;
				GCC_PREPROCESSOR_DEFINITIONS = (
					"DEBUG=1",
					"$(inherited)",
				);
				GCC_WARN_64_TO_32_BIT_CONVERSION = YES;
				GCC_WARN_ABOUT_RETURN_TYPE = YES_ERROR;
				GCC_WARN_UNDECLARED_SELECTOR = YES;
				GCC_WARN_UNINITIALIZED_AUTOS = YES_AGGRESSIVE;
				GCC_WARN_UNUSED_FUNCTION = YES;
				GCC_WARN_UNUSED_VARIABLE = YES;
				LOCALIZATION_PREFERS_STRING_CATALOGS = YES;
				MACOSX_DEPLOYMENT_TARGET = 26.2;
				MTL_ENABLE_DEBUG_INFO = INCLUDE_SOURCE;
				MTL_FAST_MATH = YES;
				ONLY_ACTIVE_ARCH = YES;
				SDKROOT = macosx;
				SWIFT_ACTIVE_COMPILATION_CONDITIONS = "DEBUG $(inherited)";
				SWIFT_OPTIMIZATION_LEVEL = "-Onone";
			};
			name = Debug;
		};
		FA57DC0A2FDE31B60040032F /* Release */ = {
			isa = XCBuildConfiguration;
			buildSettings = {
				ALWAYS_SEARCH_USER_PATHS = NO;
				ASSETCATALOG_COMPILER_GENERATE_SWIFT_ASSET_SYMBOL_EXTENSIONS = YES;
				CLANG_ANALYZER_NONNULL = YES;
				CLANG_ANALYZER_NUMBER_OBJECT_CONVERSION = YES_AGGRESSIVE;
				CLANG_CXX_LANGUAGE_STANDARD = "gnu++20";
				CLANG_ENABLE_MODULES = YES;
				CLANG_ENABLE_OBJC_ARC = YES;
				CLANG_ENABLE_OBJC_WEAK = YES;
				CLANG_WARN_BLOCK_CAPTURE_AUTORELEASING = YES;
				CLANG_WARN_BOOL_CONVERSION = YES;
				CLANG_WARN_COMMA = YES;
				CLANG_WARN_CONSTANT_CONVERSION = YES;
				CLANG_WARN_DEPRECATED_OBJC_IMPLEMENTATIONS = YES;
				CLANG_WARN_DIRECT_OBJC_ISA_USAGE = YES_ERROR;
				CLANG_WARN_DOCUMENTATION_COMMENTS = YES;
				CLANG_WARN_EMPTY_BODY = YES;
				CLANG_WARN_ENUM_CONVERSION = YES;
				CLANG_WARN_INFINITE_RECURSION = YES;
				CLANG_WARN_INT_CONVERSION = YES;
				CLANG_WARN_NON_LITERAL_NULL_CONVERSION = YES;
				CLANG_WARN_OBJC_IMPLICIT_RETAIN_SELF = YES;
				CLANG_WARN_OBJC_LITERAL_CONVERSION = YES;
				CLANG_WARN_OBJC_ROOT_CLASS = YES_ERROR;
				CLANG_WARN_QUOTED_INCLUDE_IN_FRAMEWORK_HEADER = YES;
				CLANG_WARN_RANGE_LOOP_ANALYSIS = YES;
				CLANG_WARN_STRICT_PROTOTYPES = YES;
				CLANG_WARN_SUSPICIOUS_MOVE = YES;
				CLANG_WARN_UNGUARDED_AVAILABILITY = YES_AGGRESSIVE;
				CLANG_WARN_UNREACHABLE_CODE = YES;
				CLANG_WARN__DUPLICATE_METHOD_MATCH = YES;
				COPY_PHASE_STRIP = NO;
				DEBUG_INFORMATION_FORMAT = "dwarf-with-dsym";
				DEVELOPMENT_TEAM = X4S6MUZL2D;
				ENABLE_NS_ASSERTIONS = NO;
				ENABLE_STRICT_OBJC_MSGSEND = YES;
				ENABLE_USER_SCRIPT_SANDBOXING = YES;
				GCC_C_LANGUAGE_STANDARD = gnu17;
				GCC_NO_COMMON_BLOCKS = YES;
				GCC_WARN_64_TO_32_BIT_CONVERSION = YES;
				GCC_WARN_ABOUT_RETURN_TYPE = YES_ERROR;
				GCC_WARN_UNDECLARED_SELECTOR = YES;
				GCC_WARN_UNINITIALIZED_AUTOS = YES_AGGRESSIVE;
				GCC_WARN_UNUSED_FUNCTION = YES;
				GCC_WARN_UNUSED_VARIABLE = YES;
				LOCALIZATION_PREFERS_STRING_CATALOGS = YES;
				MACOSX_DEPLOYMENT_TARGET = 26.2;
				MTL_ENABLE_DEBUG_INFO = NO;
				MTL_FAST_MATH = YES;
				SDKROOT = macosx;
				SWIFT_COMPILATION_MODE = wholemodule;
			};
			name = Release;
		};
		FA57DC0C2FDE31B60040032F /* Debug */ = {
			isa = XCBuildConfiguration;
			buildSettings = {
				ASSETCATALOG_COMPILER_APPICON_NAME = AppIcon;
				ASSETCATALOG_COMPILER_GLOBAL_ACCENT_COLOR_NAME = AccentColor;
				CODE_SIGN_ENTITLEMENTS = DealScraper/Resource/DealScraper.entitlements;
				CODE_SIGN_STYLE = Automatic;
				COMBINE_HIDPI_IMAGES = YES;
				CURRENT_PROJECT_VERSION = 1;
				DEVELOPMENT_TEAM = X4S6MUZL2D;
				ENABLE_APP_SANDBOX = YES;
				ENABLE_HARDENED_RUNTIME = YES;
				ENABLE_PREVIEWS = YES;
				ENABLE_USER_SELECTED_FILES = readonly;
				GENERATE_INFOPLIST_FILE = YES;
				INFOPLIST_KEY_NSHumanReadableCopyright = "";
				LD_RUNPATH_SEARCH_PATHS = (
					"$(inherited)",
					"@executable_path/../Frameworks",
				);
				MARKETING_VERSION = 1.0;
				PRODUCT_BUNDLE_IDENTIFIER = com.skorulis.DealScraper;
				PRODUCT_NAME = "$(TARGET_NAME)";
				REGISTER_APP_GROUPS = YES;
				STRING_CATALOG_GENERATE_SYMBOLS = YES;
				SWIFT_APPROACHABLE_CONCURRENCY = YES;
				SWIFT_DEFAULT_ACTOR_ISOLATION = MainActor;
				SWIFT_EMIT_LOC_STRINGS = YES;
				SWIFT_UPCOMING_FEATURE_MEMBER_IMPORT_VISIBILITY = YES;
				SWIFT_VERSION = 5.0;
			};
			name = Debug;
		};
		FA57DC0D2FDE31B60040032F /* Release */ = {
			isa = XCBuildConfiguration;
			buildSettings = {
				ASSETCATALOG_COMPILER_APPICON_NAME = AppIcon;
				ASSETCATALOG_COMPILER_GLOBAL_ACCENT_COLOR_NAME = AccentColor;
				CODE_SIGN_ENTITLEMENTS = DealScraper/Resource/DealScraper.entitlements;
				COMBINE_HIDPI_IMAGES = YES;
				CURRENT_PROJECT_VERSION = 1;
				DEVELOPMENT_TEAM = X4S6MUZL2D;
				ENABLE_APP_SANDBOX = YES;
				ENABLE_HARDENED_RUNTIME = YES;
				ENABLE_PREVIEWS = YES;
				ENABLE_USER_SELECTED_FILES = readonly;
				GENERATE_INFOPLIST_FILE = YES;
				INFOPLIST_KEY_NSHumanReadableCopyright = "";
				LD_RUNPATH_SEARCH_PATHS = (
					"$(inherited)",
					"@executable_path/../Frameworks",
				);
				MARKETING_VERSION = 1.0;
				PRODUCT_BUNDLE_IDENTIFIER = com.skorulis.DealScraper;
				PRODUCT_NAME = "$(TARGET_NAME)";
				REGISTER_APP_GROUPS = YES;
				STRING_CATALOG_GENERATE_SYMBOLS = YES;
				SWIFT_APPROACHABLE_CONCURRENCY = YES;
				SWIFT_DEFAULT_ACTOR_ISOLATION = MainActor;
				SWIFT_EMIT_LOC_STRINGS = YES;
				SWIFT_UPCOMING_FEATURE_MEMBER_IMPORT_VISIBILITY = YES;
				SWIFT_VERSION = 5.0;
			};
			name = Release;
		};
		FA57DC192FDE31D30040032F /* Debug */ = {
			isa = XCBuildConfiguration;
			buildSettings = {
				BUNDLE_LOADER = "$(TEST_HOST)";
				CODE_SIGN_STYLE = Automatic;
				CURRENT_PROJECT_VERSION = 1;
				DEVELOPMENT_TEAM = X4S6MUZL2D;
				GENERATE_INFOPLIST_FILE = YES;
				MARKETING_VERSION = 1.0;
				PRODUCT_BUNDLE_IDENTIFIER = com.skorulis.DealScraperTests;
				PRODUCT_NAME = "$(TARGET_NAME)";
				STRING_CATALOG_GENERATE_SYMBOLS = NO;
				SWIFT_APPROACHABLE_CONCURRENCY = YES;
				SWIFT_EMIT_LOC_STRINGS = NO;
				SWIFT_UPCOMING_FEATURE_MEMBER_IMPORT_VISIBILITY = YES;
				SWIFT_VERSION = 5.0;
				TEST_HOST = "$(BUILT_PRODUCTS_DIR)/DealScraper.app/$(BUNDLE_EXECUTABLE_FOLDER_PATH)/DealScraper";
			};
			name = Debug;
		};
		FA57DC1A2FDE31D30040032F /* Release */ = {
			isa = XCBuildConfiguration;
			buildSettings = {
				BUNDLE_LOADER = "$(TEST_HOST)";
				CODE_SIGN_STYLE = Automatic;
				CURRENT_PROJECT_VERSION = 1;
				DEVELOPMENT_TEAM = X4S6MUZL2D;
				GENERATE_INFOPLIST_FILE = YES;
				MARKETING_VERSION = 1.0;
				PRODUCT_BUNDLE_IDENTIFIER = com.skorulis.DealScraperTests;
				PRODUCT_NAME = "$(TARGET_NAME)";
				STRING_CATALOG_GENERATE_SYMBOLS = NO;
				SWIFT_APPROACHABLE_CONCURRENCY = YES;
				SWIFT_EMIT_LOC_STRINGS = NO;
				SWIFT_UPCOMING_FEATURE_MEMBER_IMPORT_VISIBILITY = YES;
				SWIFT_VERSION = 5.0;
				TEST_HOST = "$(BUILT_PRODUCTS_DIR)/DealScraper.app/$(BUNDLE_EXECUTABLE_FOLDER_PATH)/DealScraper";
			};
			name = Release;
		};
/* End XCBuildConfiguration section */

/* Begin XCConfigurationList section */
		FA57DBFB2FDE31B40040032F /* Build configuration list for PBXProject "DealScraper" */ = {
			isa = XCConfigurationList;
			buildConfigurations = (
				FA57DC092FDE31B60040032F /* Debug */,
				FA57DC0A2FDE31B60040032F /* Release */,
			);
			defaultConfigurationIsVisible = 0;
			defaultConfigurationName = Release;
		};
		FA57DC0B2FDE31B60040032F /* Build configuration list for PBXNativeTarget "DealScraper" */ = {
			isa = XCConfigurationList;
			buildConfigurations = (
				FA57DC0C2FDE31B60040032F /* Debug */,
				FA57DC0D2FDE31B60040032F /* Release */,
			);
			defaultConfigurationIsVisible = 0;
			defaultConfigurationName = Release;
		};
		FA57DC182FDE31D30040032F /* Build configuration list for PBXNativeTarget "DealScraperTests" */ = {
			isa = XCConfigurationList;
			buildConfigurations = (
				FA57DC192FDE31D30040032F /* Debug */,
				FA57DC1A2FDE31D30040032F /* Release */,
			);
			defaultConfigurationIsVisible = 0;
			defaultConfigurationName = Release;
		};
/* End XCConfigurationList section */

/* Begin XCRemoteSwiftPackageReference section */
		FA312A3F2FDF74A200D1DD06 /* XCRemoteSwiftPackageReference "knit" */ = {
			isa = XCRemoteSwiftPackageReference;
			repositoryURL = "https://github.com/skorulis/knit/";
			requirement = {
				branch = skorulis/ahead;
				kind = branch;
			};
		};
		FA312A4D2FDF76DF00D1DD06 /* XCRemoteSwiftPackageReference "ASKCore" */ = {
			isa = XCRemoteSwiftPackageReference;
			repositoryURL = "https://github.com/skorulis/ASKCore";
			requirement = {
				branch = main;
				kind = branch;
			};
		};
		FA312A972FDF81B800D1DD06 /* XCRemoteSwiftPackageReference "GRDB" */ = {
			isa = XCRemoteSwiftPackageReference;
			repositoryURL = "https://github.com/groue/GRDB.swift";
			requirement = {
				branch = master;
				kind = branch;
			};
		};
		FA312B5A2FDF957B00D1DD06 /* XCRemoteSwiftPackageReference "ASKCoordinator" */ = {
			isa = XCRemoteSwiftPackageReference;
			repositoryURL = "https://github.com/skorulis/ASKCoordinator";
			requirement = {
				branch = main;
				kind = branch;
			};
		};
		FA312C0E2FE1000100D1DD06 /* XCRemoteSwiftPackageReference "SwiftSoup" */ = {
			isa = XCRemoteSwiftPackageReference;
			repositoryURL = "https://github.com/scinfu/SwiftSoup";
			requirement = {
				kind = upToNextMajorVersion;
				minimumVersion = 2.7.6;
			};
		};
/* End XCRemoteSwiftPackageReference section */

/* Begin XCSwiftPackageProductDependency section */
		FA312A402FDF74A200D1DD06 /* Knit */ = {
			isa = XCSwiftPackageProductDependency;
			package = FA312A3F2FDF74A200D1DD06 /* XCRemoteSwiftPackageReference "knit" */;
			productName = Knit;
		};
		FA312A422FDF74A200D1DD06 /* KnitMacros */ = {
			isa = XCSwiftPackageProductDependency;
			package = FA312A3F2FDF74A200D1DD06 /* XCRemoteSwiftPackageReference "knit" */;
			productName = KnitMacros;
		};
		FA312A4E2FDF76DF00D1DD06 /* ASKCore */ = {
			isa = XCSwiftPackageProductDependency;
			package = FA312A4D2FDF76DF00D1DD06 /* XCRemoteSwiftPackageReference "ASKCore" */;
			productName = ASKCore;
		};
		FA312A522FDF784400D1DD06 /* KnitBuildPlugin */ = {
			isa = XCSwiftPackageProductDependency;
			package = FA312A3F2FDF74A200D1DD06 /* XCRemoteSwiftPackageReference "knit" */;
			productName = "plugin:KnitBuildPlugin";
		};
		FA312A982FDF81B800D1DD06 /* GRDB */ = {
			isa = XCSwiftPackageProductDependency;
			package = FA312A972FDF81B800D1DD06 /* XCRemoteSwiftPackageReference "GRDB" */;
			productName = GRDB;
		};
		FA312B5B2FDF957B00D1DD06 /* ASKCoordinator */ = {
			isa = XCSwiftPackageProductDependency;
			package = FA312B5A2FDF957B00D1DD06 /* XCRemoteSwiftPackageReference "ASKCoordinator" */;
			productName = ASKCoordinator;
		};
		FA312C0F2FE1000100D1DD06 /* SwiftSoup */ = {
			isa = XCSwiftPackageProductDependency;
			package = FA312C0E2FE1000100D1DD06 /* XCRemoteSwiftPackageReference "SwiftSoup" */;
			productName = SwiftSoup;
		};
/* End XCSwiftPackageProductDependency section */
	};
	rootObject = FA57DBF82FDE31B40040032F /* Project object */;
}
